
Microsoft Visual Studio Solution File, Format Version 12.00
# Visual Studio 15
VisualStudioVersion = 15.0.27703.2035
MinimumVisualStudioVersion = 10.0.40219.1
Project("{FAE04EC0-301F-11D3-BF4B-00C04F79EFBC}") = "XamarinFormsApp.Android", "XamarinFormsApp\XamarinFormsApp.Android\XamarinFormsApp.Android.csproj", "{46827438-78C1-4E5E-B9B1-DFA04341B96B}"
EndProject
Project("{FAE04EC0-301F-11D3-BF4B-00C04F79EFBC}") = "XamarinFormsApp.iOS", "XamarinFormsApp\XamarinFormsApp.iOS\XamarinFormsApp.iOS.csproj", "{B8035B0B-1E80-497B-8C44-301AAE0E45EF}"
EndProject
Project("{FAE04EC0-301F-11D3-BF4B-00C04F79EFBC}") = "XamarinFormsApp", "XamarinFormsApp\XamarinFormsApp\XamarinFormsApp.csproj", "{A941F713-BE40-4F8E-B644-4179289BD32E}"
EndProject
Global
	GlobalSection(SolutionConfigurationPlatforms) = preSolution
		Ad-Hoc|Any CPU = Ad-Hoc|Any CPU
		Ad-Hoc|iPhone = Ad-Hoc|iPhone
		Ad-Hoc|iPhoneSimulator = Ad-Hoc|iPhoneSimulator
		AppStore|Any CPU = AppStore|Any CPU
		AppStore|iPhone = AppStore|iPhone
		AppStore|iPhoneSimulator = AppStore|iPhoneSimulator
		Debug|Any CPU = Debug|Any CPU
		Debug|iPhone = Debug|iPhone
		Debug|iPhoneSimulator = Debug|iPhoneSimulator
		Release|Any CPU = Release|Any CPU
		Release|iPhone = Release|iPhone
		Release|iPhoneSimulator = Release|iPhoneSimulator
	EndGlobalSection
	GlobalSection(ProjectConfigurationPlatforms) = postSolution
		{46827438-78C1-4E5E-B9B1-DFA04341B96B}.Ad-Hoc|Any CPU.ActiveCfg = Release|Any CPU
		{46827438-78C1-4E5E-B9B1-DFA04341B96B}.Ad-Hoc|Any CPU.Build.0 = Release|Any CPU
		{46827438-78C1-4E5E-B9B1-DFA04341B96B}.Ad-Hoc|Any CPU.Deploy.0 = Release|Any CPU
		{46827438-78C1-4E5E-B9B1-DFA04341B96B}.Ad-Hoc|iPhone.ActiveCfg = Release|Any CPU
		{46827438-78C1-4E5E-B9B1-DFA04341B96B}.Ad-Hoc|iPhone.Build.0 = Release|Any CPU
		{46827438-78C1-4E5E-B9B1-DFA04341B96B}.Ad-Hoc|iPhone.Deploy.0 = Release|Any CPU
		{46827438-78C1-4E5E-B9B1-DFA04341B96B}.Ad-Hoc|iPhoneSimulator.ActiveCfg = Release|Any CPU
		{46827438-78C1-4E5E-B9B1-DFA04341B96B}.Ad-Hoc|iPhoneSimulator.Build.0 = Release|Any CPU
		{46827438-78C1-4E5E-B9B1-DFA04341B96B}.Ad-Hoc|iPhoneSimulator.Deploy.0 = Release|Any CPU
		{46827438-78C1-4E5E-B9B1-DFA04341B96B}.AppStore|Any CPU.ActiveCfg = Release|Any CPU
		{46827438-78C1-4E5E-B9B1-DFA04341B96B}.AppStore|Any CPU.Build.0 = Release|Any CPU
		{46827438-78C1-4E5E-B9B1-DFA04341B96B}.AppStore|Any CPU.Deploy.0 = Release|Any CPU
		{46827438-78C1-4E5E-B9B1-DFA04341B96B}.AppStore|iPhone.ActiveCfg = Release|Any CPU
		{46827438-78C1-4E5E-B9B1-DFA04341B96B}.AppStore|iPhone.Build.0 = Release|Any CPU
		{46827438-78C1-4E5E-B9B1-DFA04341B96B}.AppStore|iPhone.Deploy.0 = Release|Any CPU
		{46827438-78C1-4E5E-B9B1-DFA04341B96B}.AppStore|iPhoneSimulator.ActiveCfg = Release|Any CPU
		{46827438-78C1-4E5E-B9B1-DFA04341B96B}.AppStore|iPhoneSimulator.Build.0 = Release|Any CPU
		{46827438-78C1-4E5E-B9B1-DFA04341B96B}.AppStore|iPhoneSimulator.Deploy.0 = Release|Any CPU
		{46827438-78C1-4E5E-B9B1-DFA04341B96B}.Debug|Any CPU.ActiveCfg = Debug|Any CPU
		{46827438-78C1-4E5E-B9B1-DFA04341B96B}.Debug|Any CPU.Build.0 = Debug|Any CPU
		{46827438-78C1-4E5E-B9B1-DFA04341B96B}.Debug|Any CPU.Deploy.0 = Debug|Any CPU
		{46827438-78C1-4E5E-B9B1-DFA04341B96B}.Debug|iPhone.ActiveCfg = Debug|Any CPU
		{46827438-78C1-4E5E-B9B1-DFA04341B96B}.Debug|iPhone.Build.0 = Debug|Any CPU
		{46827438-78C1-4E5E-B9B1-DFA04341B96B}.Debug|iPhone.Deploy.0 = Debug|Any CPU
		{46827438-78C1-4E5E-B9B1-DFA04341B96B}.Debug|iPhoneSimulator.ActiveCfg = Debug|Any CPU
		{46827438-78C1-4E5E-B9B1-DFA04341B96B}.Debug|iPhoneSimulator.Build.0 = Debug|Any CPU
		{46827438-78C1-4E5E-B9B1-DFA04341B96B}.Debug|iPhoneSimulator.Deploy.0 = Debug|Any CPU
		{46827438-78C1-4E5E-B9B1-DFA04341B96B}.Release|Any CPU.ActiveCfg = Release|Any CPU
		{46827438-78C1-4E5E-B9B1-DFA04341B96B}.Release|Any CPU.Build.0 = Release|Any CPU
		{46827438-78C1-4E5E-B9B1-DFA04341B96B}.Release|Any CPU.Deploy.0 = Release|Any CPU
		{46827438-78C1-4E5E-B9B1-DFA04341B96B}.Release|iPhone.ActiveCfg = Release|Any CPU
		{46827438-78C1-4E5E-B9B1-DFA04341B96B}.Release|iPhone.Build.0 = Release|Any CPU
		{46827438-78C1-4E5E-B9B1-DFA04341B96B}.Release|iPhone.Deploy.0 = Release|Any CPU
		{46827438-78C1-4E5E-B9B1-DFA04341B96B}.Release|iPhoneSimulator.ActiveCfg = Release|Any CPU
		{46827438-78C1-4E5E-B9B1-DFA04341B96B}.Release|iPhoneSimulator.Build.0 = Release|Any CPU
		{46827438-78C1-4E5E-B9B1-DFA04341B96B}.Release|iPhoneSimulator.Deploy.0 = Release|Any CPU
		{B8035B0B-1E80-497B-8C44-301AAE0E45EF}.Ad-Hoc|Any CPU.ActiveCfg = Ad-Hoc|iPhone
		{B8035B0B-1E80-497B-8C44-301AAE0E45EF}.Ad-Hoc|Any CPU.Build.0 = Ad-Hoc|iPhone
		{B8035B0B-1E80-497B-8C44-301AAE0E45EF}.Ad-Hoc|Any CPU.Deploy.0 = Ad-Hoc|iPhone
		{B8035B0B-1E80-497B-8C44-301AAE0E45EF}.Ad-Hoc|iPhone.ActiveCfg = Ad-Hoc|iPhone
		{B8035B0B-1E80-497B-8C44-301AAE0E45EF}.Ad-Hoc|iPhone.Build.0 = Ad-Hoc|iPhone
		{B8035B0B-1E80-497B-8C44-301AAE0E45EF}.Ad-Hoc|iPhone.Deploy.0 = Ad-Hoc|iPhone
		{B8035B0B-1E80-497B-8C44-301AAE0E45EF}.Ad-Hoc|iPhoneSimulator.ActiveCfg = Ad-Hoc|iPhoneSimulator
		{B8035B0B-1E80-497B-8C44-301AAE0E45EF}.Ad-Hoc|iPhoneSimulator.Build.0 = Ad-Hoc|iPhoneSimulator
		{B8035B0B-1E80-497B-8C44-301AAE0E45EF}.Ad-Hoc|iPhoneSimulator.Deploy.0 = Ad-Hoc|iPhoneSimulator
		{B8035B0B-1E80-497B-8C44-301AAE0E45EF}.AppStore|Any CPU.ActiveCfg = AppStore|iPhone
		{B8035B0B-1E80-497B-8C44-301AAE0E45EF}.AppStore|Any CPU.Build.0 = AppStore|iPhone
		{B8035B0B-1E80-497B-8C44-301AAE0E45EF}.AppStore|Any CPU.Deploy.0 = AppStore|iPhone
		{B8035B0B-1E80-497B-8C44-301AAE0E45EF}.AppStore|iPhone.ActiveCfg = AppStore|iPhone
		{B8035B0B-1E80-497B-8C44-301AAE0E45EF}.AppStore|iPhone.Build.0 = AppStore|iPhone
		{B8035B0B-1E80-497B-8C44-301AAE0E45EF}.AppStore|iPhone.Deploy.0 = AppStore|iPhone
		{B8035B0B-1E80-497B-8C44-301AAE0E45EF}.AppStore|iPhoneSimulator.ActiveCfg = AppStore|iPhoneSimulator
		{B8035B0B-1E80-497B-8C44-301AAE0E45EF}.AppStore|iPhoneSimulator.Build.0 = AppStore|iPhoneSimulator
		{B8035B0B-1E80-497B-8C44-301AAE0E45EF}.AppStore|iPhoneSimulator.Deploy.0 = AppStore|iPhoneSimulator
		{B8035B0B-1E80-497B-8C44-301AAE0E45EF}.Debug|Any CPU.ActiveCfg = Debug|iPhoneSimulator
		{B8035B0B-1E80-497B-8C44-301AAE0E45EF}.Debug|Any CPU.Build.0 = Debug|iPhoneSimulator
		{B8035B0B-1E80-497B-8C44-301AAE0E45EF}.Debug|Any CPU.Deploy.0 = Debug|iPhoneSimulator
		{B8035B0B-1E80-497B-8C44-301AAE0E45EF}.Debug|iPhone.ActiveCfg = Debug|iPhone
		{B8035B0B-1E80-497B-8C44-301AAE0E45EF}.Debug|iPhone.Build.0 = Debug|iPhone
		{B8035B0B-1E80-497B-8C44-301AAE0E45EF}.Debug|iPhone.Deploy.0 = Debug|iPhone
		{B8035B0B-1E80-497B-8C44-301AAE0E45EF}.Debug|iPhoneSimulator.ActiveCfg = Debug|iPhoneSimulator
		{B8035B0B-1E80-497B-8C44-301AAE0E45EF}.Debug|iPhoneSimulator.Build.0 = Debug|iPhoneSimulator
		{B8035B0B-1E80-497B-8C44-301AAE0E45EF}.Debug|iPhoneSimulator.Deploy.0 = Debug|iPhoneSimulator
		{B8035B0B-1E80-497B-8C44-301AAE0E45EF}.Release|Any CPU.ActiveCfg = Release|iPhone
		{B8035B0B-1E80-497B-8C44-301AAE0E45EF}.Release|Any CPU.Build.0 = Release|iPhone
		{B8035B0B-1E80-497B-8C44-301AAE0E45EF}.Release|Any CPU.Deploy.0 = Release|iPhone
		{B8035B0B-1E80-497B-8C44-301AAE0E45EF}.Release|iPhone.ActiveCfg = Release|iPhone
		{B8035B0B-1E80-497B-8C44-301AAE0E45EF}.Release|iPhone.Build.0 = Release|iPhone
		{B8035B0B-1E80-497B-8C44-301AAE0E45EF}.Release|iPhone.Deploy.0 = Release|iPhone
		{B8035B0B-1E80-497B-8C44-301AAE0E45EF}.Release|iPhoneSimulator.ActiveCfg = Release|iPhoneSimulator
		{B8035B0B-1E80-497B-8C44-301AAE0E45EF}.Release|iPhoneSimulator.Build.0 = Release|iPhoneSimulator
		{B8035B0B-1E80-497B-8C44-301AAE0E45EF}.Release|iPhoneSimulator.Deploy.0 = Release|iPhoneSimulator
		{A941F713-BE40-4F8E-B644-4179289BD32E}.Ad-Hoc|Any CPU.ActiveCfg = Debug|Any CPU
		{A941F713-BE40-4F8E-B644-4179289BD32E}.Ad-Hoc|Any CPU.Build.0 = Debug|Any CPU
		{A941F713-BE40-4F8E-B644-4179289BD32E}.Ad-Hoc|Any CPU.Deploy.0 = Debug|Any CPU
		{A941F713-BE40-4F8E-B644-4179289BD32E}.Ad-Hoc|iPhone.ActiveCfg = Debug|Any CPU
		{A941F713-BE40-4F8E-B644-4179289BD32E}.Ad-Hoc|iPhone.Build.0 = Debug|Any CPU
		{A941F713-BE40-4F8E-B644-4179289BD32E}.Ad-Hoc|iPhone.Deploy.0 = Debug|Any CPU
		{A941F713-BE40-4F8E-B644-4179289BD32E}.Ad-Hoc|iPhoneSimulator.ActiveCfg = Debug|Any CPU
		{A941F713-BE40-4F8E-B644-4179289BD32E}.Ad-Hoc|iPhoneSimulator.Build.0 = Debug|Any CPU
		{A941F713-BE40-4F8E-B644-4179289BD32E}.Ad-Hoc|iPhoneSimulator.Deploy.0 = Debug|Any CPU
		{A941F713-BE40-4F8E-B644-4179289BD32E}.AppStore|Any CPU.ActiveCfg = Debug|Any CPU
		{A941F713-BE40-4F8E-B644-4179289BD32E}.AppStore|Any CPU.Build.0 = Debug|Any CPU
		{A941F713-BE40-4F8E-B644-4179289BD32E}.AppStore|Any CPU.Deploy.0 = Debug|Any CPU
		{A941F713-BE40-4F8E-B644-4179289BD32E}.AppStore|iPhone.ActiveCfg = Debug|Any CPU
		{A941F713-BE40-4F8E-B644-4179289BD32E}.AppStore|iPhone.Build.0 = Debug|Any CPU
		{A941F713-BE40-4F8E-B644-4179289BD32E}.AppStore|iPhone.Deploy.0 = Debug|Any CPU
		{A941F713-BE40-4F8E-B644-4179289BD32E}.AppStore|iPhoneSimulator.ActiveCfg = Debug|Any CPU
		{A941F713-BE40-4F8E-B644-4179289BD32E}.AppStore|iPhoneSimulator.Build.0 = Debug|Any CPU
		{A941F713-BE40-4F8E-B644-4179289BD32E}.AppStore|iPhoneSimulator.Deploy.0 = Debug|Any CPU
		{A941F713-BE40-4F8E-B644-4179289BD32E}.Debug|Any CPU.ActiveCfg = Debug|Any CPU
		{A941F713-BE40-4F8E-B644-4179289BD32E}.Debug|Any CPU.Build.0 = Debug|Any CPU
		{A941F713-BE40-4F8E-B644-4179289BD32E}.Debug|Any CPU.Deploy.0 = Debug|Any CPU
		{A941F713-BE40-4F8E-B644-4179289BD32E}.Debug|iPhone.ActiveCfg = Debug|Any CPU
		{A941F713-BE40-4F8E-B644-4179289BD32E}.Debug|iPhone.Build.0 = Debug|Any CPU
		{A941F713-BE40-4F8E-B644-4179289BD32E}.Debug|iPhone.Deploy.0 = Debug|Any CPU
		{A941F713-BE40-4F8E-B644-4179289BD32E}.Debug|iPhoneSimulator.ActiveCfg = Debug|Any CPU
		{A941F713-BE40-4F8E-B644-4179289BD32E}.Debug|iPhoneSimulator.Build.0 = Debug|Any CPU
		{A941F713-BE40-4F8E-B644-4179289BD32E}.Debug|iPhoneSimulator.Deploy.0 = Debug|Any CPU
		{A941F713-BE40-4F8E-B644-4179289BD32E}.Release|Any CPU.ActiveCfg = Release|Any CPU
		{A941F713-BE40-4F8E-B644-4179289BD32E}.Release|Any CPU.Build.0 = Release|Any CPU
		{A941F713-BE40-4F8E-B644-4179289BD32E}.Release|Any CPU.Deploy.0 = Release|Any CPU
		{A941F713-BE40-4F8E-B644-4179289BD32E}.Release|iPhone.ActiveCfg = Release|Any CPU
		{A941F713-BE40-4F8E-B644-4179289BD32E}.Release|iPhone.Build.0 = Release|Any CPU
		{A941F713-BE40-4F8E-B644-4179289BD32E}.Release|iPhone.Deploy.0 = Release|Any CPU
		{A941F713-BE40-4F8E-B644-4179289BD32E}.Release|iPhoneSimulator.ActiveCfg = Release|Any CPU
		{A941F713-BE40-4F8E-B644-4179289BD32E}.Release|iPhoneSimulator.Build.0 = Release|Any CPU
		{A941F713-BE40-4F8E-B644-4179289BD32E}.Release|iPhoneSimulator.Deploy.0 = Release|Any CPU
	EndGlobalSection
	GlobalSection(SolutionProperties) = preSolution
		HideSolutionNode = FALSE
	EndGlobalSection
	GlobalSection(ExtensibilityGlobals) = postSolution
		SolutionGuid = {28F7933F-6C33-4F3B-85A6-1ECB50F041C0}
	EndGlobalSection
EndGlobal
